
Microsoft Visual Studio Solution File, Format Version 12.00
# Visual Studio Version 17
VisualStudioVersion = 17.1.32228.430
MinimumVisualStudioVersion = 10.0.40219.1
Project("{FAE04EC0-301F-11D3-BF4B-00C04F79EFBC}") = "LinqXml1", "LinqXml1\LinqXml1.csproj", "{F19073FD-A51F-4AB2-9FEE-1C173E5D3C9E}"
EndProject
Global
	GlobalSection(SolutionConfigurationPlatforms) = preSolution
		Debug|Any CPU = Debug|Any CPU
		Release|Any CPU = Release|Any CPU
	EndGlobalSection
	GlobalSection(ProjectConfigurationPlatforms) = postSolution
		{F19073FD-A51F-4AB2-9FEE-1C173E5D3C9E}.Debug|Any CPU.ActiveCfg = Debug|Any CPU
		{F19073FD-A51F-4AB2-9FEE-1C173E5D3C9E}.Debug|Any CPU.Build.0 = Debug|Any CPU
		{F19073FD-A51F-4AB2-9FEE-1C173E5D3C9E}.Release|Any CPU.ActiveCfg = Release|Any CPU
		{F19073FD-A51F-4AB2-9FEE-1C173E5D3C9E}.Release|Any CPU.Build.0 = Release|Any CPU
	EndGlobalSection
	GlobalSection(SolutionProperties) = preSolution
		HideSolutionNode = FALSE
	EndGlobalSection
	GlobalSection(ExtensibilityGlobals) = postSolution
		SolutionGuid = {ED54DB6C-1D3E-4B80-BCF3-A5559A4BBDE1}
	EndGlobalSection
EndGlobal
