
Microsoft Visual Studio Solution File, Format Version 12.00
# Visual Studio Version 17
VisualStudioVersion = 17.1.32228.430
MinimumVisualStudioVersion = 10.0.40219.1
Project("{9A19103F-16F7-4668-BE54-9A1E7A4F7556}") = "LinqXml1", "LinqXml1\LinqXml1.csproj", "{F19073FD-A51F-4AB2-9FEE-1C173E5D3C9E}"
EndProject
Project("{9A19103F-16F7-4668-BE54-9A1E7A4F7556}") = "TextRun", "TextRun\TextRun.csproj", "{11A784EA-E6F9-4C26-892C-EBA85F433EDB}"
EndProject
Project("{FAE04EC0-301F-11D3-BF4B-00C04F79EFBC}") = "LinqXml11", "LinqXml11\LinqXml11.csproj", "{44BE3B3F-81E6-4408-B60A-4BA8F96A26FA}"
EndProject
Project("{FAE04EC0-301F-11D3-BF4B-00C04F79EFBC}") = "LinqXml21", "LinqXml21\LinqXml21.csproj", "{7669F80D-D2D6-4B65-8A06-1F0DA8D4A960}"
EndProject
Project("{FAE04EC0-301F-11D3-BF4B-00C04F79EFBC}") = "LinqXml31", "LinqXml31\LinqXml31.csproj", "{0714DCBE-2F15-4187-8CBB-53EE05B33F1C}"
EndProject
Project("{FAE04EC0-301F-11D3-BF4B-00C04F79EFBC}") = "LinqXml41", "LinqXml41\LinqXml41.csproj", "{EC2CFF6D-BA60-4655-A7EA-044628620341}"
EndProject
Project("{FAE04EC0-301F-11D3-BF4B-00C04F79EFBC}") = "LinqXml51", "LinqXml51\LinqXml51.csproj", "{AAFC04B6-0844-4C5F-96BF-61DF43D8586B}"
EndProject
Project("{FAE04EC0-301F-11D3-BF4B-00C04F79EFBC}") = "LinqXml61", "LinqXml61\LinqXml61.csproj", "{FAC78723-2C49-4524-86C9-7B661AF65474}"
EndProject
Project("{FAE04EC0-301F-11D3-BF4B-00C04F79EFBC}") = "LinqXml71", "LinqXml71\LinqXml71.csproj", "{6CD0D5F4-3277-4DC3-B191-2EFEEA583CAD}"
EndProject
Project("{FAE04EC0-301F-11D3-BF4B-00C04F79EFBC}") = "LinqXml81", "LinqXml81\LinqXml81.csproj", "{906F32E9-87F8-4113-9FF5-30E48F8DD726}"
EndProject
Global
	GlobalSection(SolutionConfigurationPlatforms) = preSolution
		Debug|Any CPU = Debug|Any CPU
		Release|Any CPU = Release|Any CPU
	EndGlobalSection
	GlobalSection(ProjectConfigurationPlatforms) = postSolution
		{F19073FD-A51F-4AB2-9FEE-1C173E5D3C9E}.Debug|Any CPU.ActiveCfg = Debug|Any CPU
		{F19073FD-A51F-4AB2-9FEE-1C173E5D3C9E}.Debug|Any CPU.Build.0 = Debug|Any CPU
		{F19073FD-A51F-4AB2-9FEE-1C173E5D3C9E}.Release|Any CPU.ActiveCfg = Release|Any CPU
		{F19073FD-A51F-4AB2-9FEE-1C173E5D3C9E}.Release|Any CPU.Build.0 = Release|Any CPU
		{11A784EA-E6F9-4C26-892C-EBA85F433EDB}.Debug|Any CPU.ActiveCfg = Debug|Any CPU
		{11A784EA-E6F9-4C26-892C-EBA85F433EDB}.Debug|Any CPU.Build.0 = Debug|Any CPU
		{11A784EA-E6F9-4C26-892C-EBA85F433EDB}.Release|Any CPU.ActiveCfg = Release|Any CPU
		{11A784EA-E6F9-4C26-892C-EBA85F433EDB}.Release|Any CPU.Build.0 = Release|Any CPU
		{44BE3B3F-81E6-4408-B60A-4BA8F96A26FA}.Debug|Any CPU.ActiveCfg = Debug|Any CPU
		{44BE3B3F-81E6-4408-B60A-4BA8F96A26FA}.Debug|Any CPU.Build.0 = Debug|Any CPU
		{44BE3B3F-81E6-4408-B60A-4BA8F96A26FA}.Release|Any CPU.ActiveCfg = Release|Any CPU
		{44BE3B3F-81E6-4408-B60A-4BA8F96A26FA}.Release|Any CPU.Build.0 = Release|Any CPU
		{7669F80D-D2D6-4B65-8A06-1F0DA8D4A960}.Debug|Any CPU.ActiveCfg = Debug|Any CPU
		{7669F80D-D2D6-4B65-8A06-1F0DA8D4A960}.Debug|Any CPU.Build.0 = Debug|Any CPU
		{7669F80D-D2D6-4B65-8A06-1F0DA8D4A960}.Release|Any CPU.ActiveCfg = Release|Any CPU
		{7669F80D-D2D6-4B65-8A06-1F0DA8D4A960}.Release|Any CPU.Build.0 = Release|Any CPU
		{0714DCBE-2F15-4187-8CBB-53EE05B33F1C}.Debug|Any CPU.ActiveCfg = Debug|Any CPU
		{0714DCBE-2F15-4187-8CBB-53EE05B33F1C}.Debug|Any CPU.Build.0 = Debug|Any CPU
		{0714DCBE-2F15-4187-8CBB-53EE05B33F1C}.Release|Any CPU.ActiveCfg = Release|Any CPU
		{0714DCBE-2F15-4187-8CBB-53EE05B33F1C}.Release|Any CPU.Build.0 = Release|Any CPU
		{EC2CFF6D-BA60-4655-A7EA-044628620341}.Debug|Any CPU.ActiveCfg = Debug|Any CPU
		{EC2CFF6D-BA60-4655-A7EA-044628620341}.Debug|Any CPU.Build.0 = Debug|Any CPU
		{EC2CFF6D-BA60-4655-A7EA-044628620341}.Release|Any CPU.ActiveCfg = Release|Any CPU
		{EC2CFF6D-BA60-4655-A7EA-044628620341}.Release|Any CPU.Build.0 = Release|Any CPU
		{AAFC04B6-0844-4C5F-96BF-61DF43D8586B}.Debug|Any CPU.ActiveCfg = Debug|Any CPU
		{AAFC04B6-0844-4C5F-96BF-61DF43D8586B}.Debug|Any CPU.Build.0 = Debug|Any CPU
		{AAFC04B6-0844-4C5F-96BF-61DF43D8586B}.Release|Any CPU.ActiveCfg = Release|Any CPU
		{AAFC04B6-0844-4C5F-96BF-61DF43D8586B}.Release|Any CPU.Build.0 = Release|Any CPU
		{FAC78723-2C49-4524-86C9-7B661AF65474}.Debug|Any CPU.ActiveCfg = Debug|Any CPU
		{FAC78723-2C49-4524-86C9-7B661AF65474}.Debug|Any CPU.Build.0 = Debug|Any CPU
		{FAC78723-2C49-4524-86C9-7B661AF65474}.Release|Any CPU.ActiveCfg = Release|Any CPU
		{FAC78723-2C49-4524-86C9-7B661AF65474}.Release|Any CPU.Build.0 = Release|Any CPU
		{6CD0D5F4-3277-4DC3-B191-2EFEEA583CAD}.Debug|Any CPU.ActiveCfg = Debug|Any CPU
		{6CD0D5F4-3277-4DC3-B191-2EFEEA583CAD}.Debug|Any CPU.Build.0 = Debug|Any CPU
		{6CD0D5F4-3277-4DC3-B191-2EFEEA583CAD}.Release|Any CPU.ActiveCfg = Release|Any CPU
		{6CD0D5F4-3277-4DC3-B191-2EFEEA583CAD}.Release|Any CPU.Build.0 = Release|Any CPU
		{906F32E9-87F8-4113-9FF5-30E48F8DD726}.Debug|Any CPU.ActiveCfg = Debug|Any CPU
		{906F32E9-87F8-4113-9FF5-30E48F8DD726}.Debug|Any CPU.Build.0 = Debug|Any CPU
		{906F32E9-87F8-4113-9FF5-30E48F8DD726}.Release|Any CPU.ActiveCfg = Release|Any CPU
		{906F32E9-87F8-4113-9FF5-30E48F8DD726}.Release|Any CPU.Build.0 = Release|Any CPU
	EndGlobalSection
	GlobalSection(SolutionProperties) = preSolution
		HideSolutionNode = FALSE
	EndGlobalSection
	GlobalSection(ExtensibilityGlobals) = postSolution
		SolutionGuid = {ED54DB6C-1D3E-4B80-BCF3-A5559A4BBDE1}
	EndGlobalSection
EndGlobal
